
Microsoft Visual Studio Solution File, Format Version 12.00
# Visual Studio Version 16
VisualStudioVersion = 16.0.29806.167
MinimumVisualStudioVersion = 10.0.40219.1
Project("{9A19103F-16F7-4668-BE54-9A1E7A4F7556}") = "SchoolApp.Test", "SchoolApp.Test\SchoolApp.Test.csproj", "{C862270C-4AF7-4FE7-8D71-5CFF93B7F68B}"
EndProject
Project("{9A19103F-16F7-4668-BE54-9A1E7A4F7556}") = "SchoolApp.Api", "SchoolApp.Api\SchoolApp.Api.csproj", "{8326EE6C-7B8A-4137-8D2A-287409FEF701}"
EndProject
Project("{2150E333-8FDC-42A3-9474-1A3956D46DE8}") = "Api", "Api", "{66F1A573-DF88-41A5-8E57-19D44A75F4EC}"
EndProject
Project("{2150E333-8FDC-42A3-9474-1A3956D46DE8}") = "Apps", "Apps", "{3647EF3B-1116-4E55-9557-8CC1043F1DE3}"
EndProject
Project("{2150E333-8FDC-42A3-9474-1A3956D46DE8}") = "Core", "Core", "{25C1A4B0-B88F-477B-9F01-90486395A8D0}"
EndProject
Project("{2150E333-8FDC-42A3-9474-1A3956D46DE8}") = "Infraestructure", "Infraestructure", "{58328BED-79FD-4FE6-878D-9DC9678AAEA6}"
EndProject
Project("{2150E333-8FDC-42A3-9474-1A3956D46DE8}") = "Helpers", "Helpers", "{AE3F6890-8D54-4A1F-98B6-EA99F1D1E323}"
EndProject
Project("{9A19103F-16F7-4668-BE54-9A1E7A4F7556}") = "SchoolApp.Core.Application", "SchoolApp.Core.Application\SchoolApp.Core.Application.csproj", "{4AAC8879-6846-4C1D-8B41-6DB934DA2AEA}"
EndProject
Project("{9A19103F-16F7-4668-BE54-9A1E7A4F7556}") = "SchoolApp.Core.Domain", "SchoolApp.Core.Domain\SchoolApp.Core.Domain.csproj", "{585FB125-F4D8-4080-8AC1-1133B2ED92A0}"
EndProject
Project("{9A19103F-16F7-4668-BE54-9A1E7A4F7556}") = "SchoolApp.Core.Common", "SchoolApp.Core.Common\SchoolApp.Core.Common.csproj", "{05FA5BE3-5F8B-4869-A46C-D7735E1EE47E}"
EndProject
Project("{9A19103F-16F7-4668-BE54-9A1E7A4F7556}") = "SchoolApp.Helper", "SchoolApp.Helper\SchoolApp.Helper.csproj", "{DEC1776A-B02F-4F75-B55E-8DDE6F0A935C}"
EndProject
Project("{9A19103F-16F7-4668-BE54-9A1E7A4F7556}") = "SchoolApp.Infrastructure", "SchoolApp.Infrastructure\SchoolApp.Infrastructure.csproj", "{3FF1BF7C-B9AC-4B57-8CD2-175C43CECABD}"
EndProject
Project("{9A19103F-16F7-4668-BE54-9A1E7A4F7556}") = "SchoolApp.Infrastructure.Persistence", "SchoolApp.Infrastructure.Persistence\SchoolApp.Infrastructure.Persistence.csproj", "{0FBA651D-2F20-4127-A4D9-76257DF4D6A4}"
EndProject
Global
	GlobalSection(SolutionConfigurationPlatforms) = preSolution
		Debug|Any CPU = Debug|Any CPU
		Release|Any CPU = Release|Any CPU
	EndGlobalSection
	GlobalSection(ProjectConfigurationPlatforms) = postSolution
		{C862270C-4AF7-4FE7-8D71-5CFF93B7F68B}.Debug|Any CPU.ActiveCfg = Debug|Any CPU
		{C862270C-4AF7-4FE7-8D71-5CFF93B7F68B}.Debug|Any CPU.Build.0 = Debug|Any CPU
		{C862270C-4AF7-4FE7-8D71-5CFF93B7F68B}.Release|Any CPU.ActiveCfg = Release|Any CPU
		{C862270C-4AF7-4FE7-8D71-5CFF93B7F68B}.Release|Any CPU.Build.0 = Release|Any CPU
		{8326EE6C-7B8A-4137-8D2A-287409FEF701}.Debug|Any CPU.ActiveCfg = Debug|Any CPU
		{8326EE6C-7B8A-4137-8D2A-287409FEF701}.Debug|Any CPU.Build.0 = Debug|Any CPU
		{8326EE6C-7B8A-4137-8D2A-287409FEF701}.Release|Any CPU.ActiveCfg = Release|Any CPU
		{8326EE6C-7B8A-4137-8D2A-287409FEF701}.Release|Any CPU.Build.0 = Release|Any CPU
		{4AAC8879-6846-4C1D-8B41-6DB934DA2AEA}.Debug|Any CPU.ActiveCfg = Debug|Any CPU
		{4AAC8879-6846-4C1D-8B41-6DB934DA2AEA}.Debug|Any CPU.Build.0 = Debug|Any CPU
		{4AAC8879-6846-4C1D-8B41-6DB934DA2AEA}.Release|Any CPU.ActiveCfg = Release|Any CPU
		{4AAC8879-6846-4C1D-8B41-6DB934DA2AEA}.Release|Any CPU.Build.0 = Release|Any CPU
		{585FB125-F4D8-4080-8AC1-1133B2ED92A0}.Debug|Any CPU.ActiveCfg = Debug|Any CPU
		{585FB125-F4D8-4080-8AC1-1133B2ED92A0}.Debug|Any CPU.Build.0 = Debug|Any CPU
		{585FB125-F4D8-4080-8AC1-1133B2ED92A0}.Release|Any CPU.ActiveCfg = Release|Any CPU
		{585FB125-F4D8-4080-8AC1-1133B2ED92A0}.Release|Any CPU.Build.0 = Release|Any CPU
		{05FA5BE3-5F8B-4869-A46C-D7735E1EE47E}.Debug|Any CPU.ActiveCfg = Debug|Any CPU
		{05FA5BE3-5F8B-4869-A46C-D7735E1EE47E}.Debug|Any CPU.Build.0 = Debug|Any CPU
		{05FA5BE3-5F8B-4869-A46C-D7735E1EE47E}.Release|Any CPU.ActiveCfg = Release|Any CPU
		{05FA5BE3-5F8B-4869-A46C-D7735E1EE47E}.Release|Any CPU.Build.0 = Release|Any CPU
		{DEC1776A-B02F-4F75-B55E-8DDE6F0A935C}.Debug|Any CPU.ActiveCfg = Debug|Any CPU
		{DEC1776A-B02F-4F75-B55E-8DDE6F0A935C}.Debug|Any CPU.Build.0 = Debug|Any CPU
		{DEC1776A-B02F-4F75-B55E-8DDE6F0A935C}.Release|Any CPU.ActiveCfg = Release|Any CPU
		{DEC1776A-B02F-4F75-B55E-8DDE6F0A935C}.Release|Any CPU.Build.0 = Release|Any CPU
		{3FF1BF7C-B9AC-4B57-8CD2-175C43CECABD}.Debug|Any CPU.ActiveCfg = Debug|Any CPU
		{3FF1BF7C-B9AC-4B57-8CD2-175C43CECABD}.Debug|Any CPU.Build.0 = Debug|Any CPU
		{3FF1BF7C-B9AC-4B57-8CD2-175C43CECABD}.Release|Any CPU.ActiveCfg = Release|Any CPU
		{3FF1BF7C-B9AC-4B57-8CD2-175C43CECABD}.Release|Any CPU.Build.0 = Release|Any CPU
		{0FBA651D-2F20-4127-A4D9-76257DF4D6A4}.Debug|Any CPU.ActiveCfg = Debug|Any CPU
		{0FBA651D-2F20-4127-A4D9-76257DF4D6A4}.Debug|Any CPU.Build.0 = Debug|Any CPU
		{0FBA651D-2F20-4127-A4D9-76257DF4D6A4}.Release|Any CPU.ActiveCfg = Release|Any CPU
		{0FBA651D-2F20-4127-A4D9-76257DF4D6A4}.Release|Any CPU.Build.0 = Release|Any CPU
	EndGlobalSection
	GlobalSection(SolutionProperties) = preSolution
		HideSolutionNode = FALSE
	EndGlobalSection
	GlobalSection(NestedProjects) = preSolution
		{C862270C-4AF7-4FE7-8D71-5CFF93B7F68B} = {3647EF3B-1116-4E55-9557-8CC1043F1DE3}
		{8326EE6C-7B8A-4137-8D2A-287409FEF701} = {66F1A573-DF88-41A5-8E57-19D44A75F4EC}
		{25C1A4B0-B88F-477B-9F01-90486395A8D0} = {66F1A573-DF88-41A5-8E57-19D44A75F4EC}
		{58328BED-79FD-4FE6-878D-9DC9678AAEA6} = {66F1A573-DF88-41A5-8E57-19D44A75F4EC}
		{AE3F6890-8D54-4A1F-98B6-EA99F1D1E323} = {66F1A573-DF88-41A5-8E57-19D44A75F4EC}
		{4AAC8879-6846-4C1D-8B41-6DB934DA2AEA} = {25C1A4B0-B88F-477B-9F01-90486395A8D0}
		{585FB125-F4D8-4080-8AC1-1133B2ED92A0} = {25C1A4B0-B88F-477B-9F01-90486395A8D0}
		{05FA5BE3-5F8B-4869-A46C-D7735E1EE47E} = {25C1A4B0-B88F-477B-9F01-90486395A8D0}
		{DEC1776A-B02F-4F75-B55E-8DDE6F0A935C} = {AE3F6890-8D54-4A1F-98B6-EA99F1D1E323}
		{3FF1BF7C-B9AC-4B57-8CD2-175C43CECABD} = {58328BED-79FD-4FE6-878D-9DC9678AAEA6}
		{0FBA651D-2F20-4127-A4D9-76257DF4D6A4} = {58328BED-79FD-4FE6-878D-9DC9678AAEA6}
	EndGlobalSection
	GlobalSection(ExtensibilityGlobals) = postSolution
		SolutionGuid = {35D52C76-198A-49BE-A055-C49748D3EBE1}
	EndGlobalSection
EndGlobal
